
Microsoft Visual Studio Solution File, Format Version 12.00
# Visual Studio 15
VisualStudioVersion = 15.0.28307.421
MinimumVisualStudioVersion = 10.0.40219.1
Project("{FAE04EC0-301F-11D3-BF4B-00C04F79EFBC}") = "HW4", "HW4\HW4.csproj", "{B2C9DF2C-9CED-4535-9597-37D4E3FED8D4}"
EndProject
Global
	GlobalSection(SolutionConfigurationPlatforms) = preSolution
		Debug|Any CPU = Debug|Any CPU
		Release|Any CPU = Release|Any CPU
	EndGlobalSection
	GlobalSection(ProjectConfigurationPlatforms) = postSolution
		{B2C9DF2C-9CED-4535-9597-37D4E3FED8D4}.Debug|Any CPU.ActiveCfg = Debug|Any CPU
		{B2C9DF2C-9CED-4535-9597-37D4E3FED8D4}.Debug|Any CPU.Build.0 = Debug|Any CPU
		{B2C9DF2C-9CED-4535-9597-37D4E3FED8D4}.Release|Any CPU.ActiveCfg = Release|Any CPU
		{B2C9DF2C-9CED-4535-9597-37D4E3FED8D4}.Release|Any CPU.Build.0 = Release|Any CPU
	EndGlobalSection
	GlobalSection(SolutionProperties) = preSolution
		HideSolutionNode = FALSE
	EndGlobalSection
	GlobalSection(ExtensibilityGlobals) = postSolution
		SolutionGuid = {39942F97-39AC-4E95-A22C-404344D4B2B2}
	EndGlobalSection
EndGlobal
